
Microsoft Visual Studio Solution File, Format Version 12.00
# Visual Studio 2013
VisualStudioVersion = 12.0.40629.0
MinimumVisualStudioVersion = 10.0.40219.1
Project("{8BC9CEB8-8B4A-11D0-8D11-00A0C91BC942}") = "QYFC", "QYFC\QYUI.vcxproj", "{C12D1AA1-0796-4BAE-8C8C-C34E836C31A5}"
EndProject
Project("{8BC9CEB8-8B4A-11D0-8D11-00A0C91BC942}") = "qyfc-demo", "qyfc-demo\win-xserver.vcxproj", "{E184727B-74BA-4680-B4D7-35167D1AA268}"
	ProjectSection(ProjectDependencies) = postProject
		{C12D1AA1-0796-4BAE-8C8C-C34E836C31A5} = {C12D1AA1-0796-4BAE-8C8C-C34E836C31A5}
	EndProjectSection
EndProject
Project("{8BC9CEB8-8B4A-11D0-8D11-00A0C91BC942}") = "sqlite3", "sqlite3\sqlite3.vcxproj", "{BA7288DD-1763-4BBD-956A-BC90CD445646}"
EndProject
Project("{8BC9CEB8-8B4A-11D0-8D11-00A0C91BC942}") = "win-ffplay", "win-ffplay\win-ffplay.vcxproj", "{907491C7-A310-43BD-A47E-BA77AE236E7C}"
	ProjectSection(ProjectDependencies) = postProject
		{41117092-6C67-4D8B-AFA0-C99CC94047B5} = {41117092-6C67-4D8B-AFA0-C99CC94047B5}
		{C12D1AA1-0796-4BAE-8C8C-C34E836C31A5} = {C12D1AA1-0796-4BAE-8C8C-C34E836C31A5}
		{BA7288DD-1763-4BBD-956A-BC90CD445646} = {BA7288DD-1763-4BBD-956A-BC90CD445646}
	EndProjectSection
EndProject
Project("{8BC9CEB8-8B4A-11D0-8D11-00A0C91BC942}") = "ffplay", "ffplay\ffplay.vcxproj", "{41117092-6C67-4D8B-AFA0-C99CC94047B5}"
EndProject
Global
	GlobalSection(SolutionConfigurationPlatforms) = preSolution
		debug_static|Mixed Platforms = debug_static|Mixed Platforms
		debug_static|Win32 = debug_static|Win32
		debug_static|x64 = debug_static|x64
		Debug|Mixed Platforms = Debug|Mixed Platforms
		Debug|Win32 = Debug|Win32
		Debug|x64 = Debug|x64
		release_static|Mixed Platforms = release_static|Mixed Platforms
		release_static|Win32 = release_static|Win32
		release_static|x64 = release_static|x64
		Release|Mixed Platforms = Release|Mixed Platforms
		Release|Win32 = Release|Win32
		Release|x64 = Release|x64
	EndGlobalSection
	GlobalSection(ProjectConfigurationPlatforms) = postSolution
		{C12D1AA1-0796-4BAE-8C8C-C34E836C31A5}.debug_static|Mixed Platforms.ActiveCfg = debug_static|Win32
		{C12D1AA1-0796-4BAE-8C8C-C34E836C31A5}.debug_static|Mixed Platforms.Build.0 = debug_static|Win32
		{C12D1AA1-0796-4BAE-8C8C-C34E836C31A5}.debug_static|Win32.ActiveCfg = debug_static|Win32
		{C12D1AA1-0796-4BAE-8C8C-C34E836C31A5}.debug_static|Win32.Build.0 = debug_static|Win32
		{C12D1AA1-0796-4BAE-8C8C-C34E836C31A5}.debug_static|x64.ActiveCfg = debug_static|x64
		{C12D1AA1-0796-4BAE-8C8C-C34E836C31A5}.debug_static|x64.Build.0 = debug_static|x64
		{C12D1AA1-0796-4BAE-8C8C-C34E836C31A5}.Debug|Mixed Platforms.ActiveCfg = Debug|Win32
		{C12D1AA1-0796-4BAE-8C8C-C34E836C31A5}.Debug|Mixed Platforms.Build.0 = Debug|Win32
		{C12D1AA1-0796-4BAE-8C8C-C34E836C31A5}.Debug|Win32.ActiveCfg = Debug|Win32
		{C12D1AA1-0796-4BAE-8C8C-C34E836C31A5}.Debug|Win32.Build.0 = Debug|Win32
		{C12D1AA1-0796-4BAE-8C8C-C34E836C31A5}.Debug|x64.ActiveCfg = Debug|x64
		{C12D1AA1-0796-4BAE-8C8C-C34E836C31A5}.Debug|x64.Build.0 = Debug|x64
		{C12D1AA1-0796-4BAE-8C8C-C34E836C31A5}.release_static|Mixed Platforms.ActiveCfg = release_static|Win32
		{C12D1AA1-0796-4BAE-8C8C-C34E836C31A5}.release_static|Mixed Platforms.Build.0 = release_static|Win32
		{C12D1AA1-0796-4BAE-8C8C-C34E836C31A5}.release_static|Win32.ActiveCfg = release_static|Win32
		{C12D1AA1-0796-4BAE-8C8C-C34E836C31A5}.release_static|Win32.Build.0 = release_static|Win32
		{C12D1AA1-0796-4BAE-8C8C-C34E836C31A5}.release_static|x64.ActiveCfg = release_static|x64
		{C12D1AA1-0796-4BAE-8C8C-C34E836C31A5}.release_static|x64.Build.0 = release_static|x64
		{C12D1AA1-0796-4BAE-8C8C-C34E836C31A5}.Release|Mixed Platforms.ActiveCfg = Release|Win32
		{C12D1AA1-0796-4BAE-8C8C-C34E836C31A5}.Release|Mixed Platforms.Build.0 = Release|Win32
		{C12D1AA1-0796-4BAE-8C8C-C34E836C31A5}.Release|Win32.ActiveCfg = Release|Win32
		{C12D1AA1-0796-4BAE-8C8C-C34E836C31A5}.Release|Win32.Build.0 = Release|Win32
		{C12D1AA1-0796-4BAE-8C8C-C34E836C31A5}.Release|x64.ActiveCfg = Release|x64
		{C12D1AA1-0796-4BAE-8C8C-C34E836C31A5}.Release|x64.Build.0 = Release|x64
		{E184727B-74BA-4680-B4D7-35167D1AA268}.debug_static|Mixed Platforms.ActiveCfg = Debug|Win32
		{E184727B-74BA-4680-B4D7-35167D1AA268}.debug_static|Mixed Platforms.Build.0 = Debug|Win32
		{E184727B-74BA-4680-B4D7-35167D1AA268}.debug_static|Win32.ActiveCfg = Debug|Win32
		{E184727B-74BA-4680-B4D7-35167D1AA268}.debug_static|Win32.Build.0 = Debug|Win32
		{E184727B-74BA-4680-B4D7-35167D1AA268}.debug_static|x64.ActiveCfg = Debug|x64
		{E184727B-74BA-4680-B4D7-35167D1AA268}.debug_static|x64.Build.0 = Debug|x64
		{E184727B-74BA-4680-B4D7-35167D1AA268}.Debug|Mixed Platforms.ActiveCfg = Debug|Win32
		{E184727B-74BA-4680-B4D7-35167D1AA268}.Debug|Mixed Platforms.Build.0 = Debug|Win32
		{E184727B-74BA-4680-B4D7-35167D1AA268}.Debug|Win32.ActiveCfg = Debug|Win32
		{E184727B-74BA-4680-B4D7-35167D1AA268}.Debug|Win32.Build.0 = Debug|Win32
		{E184727B-74BA-4680-B4D7-35167D1AA268}.Debug|x64.ActiveCfg = Debug|x64
		{E184727B-74BA-4680-B4D7-35167D1AA268}.Debug|x64.Build.0 = Debug|x64
		{E184727B-74BA-4680-B4D7-35167D1AA268}.release_static|Mixed Platforms.ActiveCfg = Release|Win32
		{E184727B-74BA-4680-B4D7-35167D1AA268}.release_static|Mixed Platforms.Build.0 = Release|Win32
		{E184727B-74BA-4680-B4D7-35167D1AA268}.release_static|Win32.ActiveCfg = Release|Win32
		{E184727B-74BA-4680-B4D7-35167D1AA268}.release_static|Win32.Build.0 = Release|Win32
		{E184727B-74BA-4680-B4D7-35167D1AA268}.release_static|x64.ActiveCfg = Release|x64
		{E184727B-74BA-4680-B4D7-35167D1AA268}.release_static|x64.Build.0 = Release|x64
		{E184727B-74BA-4680-B4D7-35167D1AA268}.Release|Mixed Platforms.ActiveCfg = Release|Win32
		{E184727B-74BA-4680-B4D7-35167D1AA268}.Release|Mixed Platforms.Build.0 = Release|Win32
		{E184727B-74BA-4680-B4D7-35167D1AA268}.Release|Win32.ActiveCfg = Release|Win32
		{E184727B-74BA-4680-B4D7-35167D1AA268}.Release|Win32.Build.0 = Release|Win32
		{E184727B-74BA-4680-B4D7-35167D1AA268}.Release|x64.ActiveCfg = Release|x64
		{E184727B-74BA-4680-B4D7-35167D1AA268}.Release|x64.Build.0 = Release|x64
		{BA7288DD-1763-4BBD-956A-BC90CD445646}.debug_static|Mixed Platforms.ActiveCfg = debug_static|Win32
		{BA7288DD-1763-4BBD-956A-BC90CD445646}.debug_static|Mixed Platforms.Build.0 = debug_static|Win32
		{BA7288DD-1763-4BBD-956A-BC90CD445646}.debug_static|Win32.ActiveCfg = debug_static|Win32
		{BA7288DD-1763-4BBD-956A-BC90CD445646}.debug_static|Win32.Build.0 = debug_static|Win32
		{BA7288DD-1763-4BBD-956A-BC90CD445646}.debug_static|x64.ActiveCfg = debug_static|x64
		{BA7288DD-1763-4BBD-956A-BC90CD445646}.debug_static|x64.Build.0 = debug_static|x64
		{BA7288DD-1763-4BBD-956A-BC90CD445646}.Debug|Mixed Platforms.ActiveCfg = Debug|Win32
		{BA7288DD-1763-4BBD-956A-BC90CD445646}.Debug|Mixed Platforms.Build.0 = Debug|Win32
		{BA7288DD-1763-4BBD-956A-BC90CD445646}.Debug|Win32.ActiveCfg = Debug|Win32
		{BA7288DD-1763-4BBD-956A-BC90CD445646}.Debug|Win32.Build.0 = Debug|Win32
		{BA7288DD-1763-4BBD-956A-BC90CD445646}.Debug|x64.ActiveCfg = Debug|x64
		{BA7288DD-1763-4BBD-956A-BC90CD445646}.Debug|x64.Build.0 = Debug|x64
		{BA7288DD-1763-4BBD-956A-BC90CD445646}.release_static|Mixed Platforms.ActiveCfg = release_static|Win32
		{BA7288DD-1763-4BBD-956A-BC90CD445646}.release_static|Mixed Platforms.Build.0 = release_static|Win32
		{BA7288DD-1763-4BBD-956A-BC90CD445646}.release_static|Win32.ActiveCfg = release_static|Win32
		{BA7288DD-1763-4BBD-956A-BC90CD445646}.release_static|Win32.Build.0 = release_static|Win32
		{BA7288DD-1763-4BBD-956A-BC90CD445646}.release_static|x64.ActiveCfg = release_static|x64
		{BA7288DD-1763-4BBD-956A-BC90CD445646}.release_static|x64.Build.0 = release_static|x64
		{BA7288DD-1763-4BBD-956A-BC90CD445646}.Release|Mixed Platforms.ActiveCfg = Release|Win32
		{BA7288DD-1763-4BBD-956A-BC90CD445646}.Release|Mixed Platforms.Build.0 = Release|Win32
		{BA7288DD-1763-4BBD-956A-BC90CD445646}.Release|Win32.ActiveCfg = Release|Win32
		{BA7288DD-1763-4BBD-956A-BC90CD445646}.Release|Win32.Build.0 = Release|Win32
		{BA7288DD-1763-4BBD-956A-BC90CD445646}.Release|x64.ActiveCfg = Release|x64
		{BA7288DD-1763-4BBD-956A-BC90CD445646}.Release|x64.Build.0 = Release|x64
		{907491C7-A310-43BD-A47E-BA77AE236E7C}.debug_static|Mixed Platforms.ActiveCfg = Debug|Win32
		{907491C7-A310-43BD-A47E-BA77AE236E7C}.debug_static|Mixed Platforms.Build.0 = Debug|Win32
		{907491C7-A310-43BD-A47E-BA77AE236E7C}.debug_static|Win32.ActiveCfg = Debug|Win32
		{907491C7-A310-43BD-A47E-BA77AE236E7C}.debug_static|Win32.Build.0 = Debug|Win32
		{907491C7-A310-43BD-A47E-BA77AE236E7C}.debug_static|x64.ActiveCfg = Debug|x64
		{907491C7-A310-43BD-A47E-BA77AE236E7C}.debug_static|x64.Build.0 = Debug|x64
		{907491C7-A310-43BD-A47E-BA77AE236E7C}.Debug|Mixed Platforms.ActiveCfg = Debug|Win32
		{907491C7-A310-43BD-A47E-BA77AE236E7C}.Debug|Mixed Platforms.Build.0 = Debug|Win32
		{907491C7-A310-43BD-A47E-BA77AE236E7C}.Debug|Win32.ActiveCfg = Debug|Win32
		{907491C7-A310-43BD-A47E-BA77AE236E7C}.Debug|Win32.Build.0 = Debug|Win32
		{907491C7-A310-43BD-A47E-BA77AE236E7C}.Debug|x64.ActiveCfg = Debug|x64
		{907491C7-A310-43BD-A47E-BA77AE236E7C}.Debug|x64.Build.0 = Debug|x64
		{907491C7-A310-43BD-A47E-BA77AE236E7C}.release_static|Mixed Platforms.ActiveCfg = Release|Win32
		{907491C7-A310-43BD-A47E-BA77AE236E7C}.release_static|Mixed Platforms.Build.0 = Release|Win32
		{907491C7-A310-43BD-A47E-BA77AE236E7C}.release_static|Win32.ActiveCfg = Release|Win32
		{907491C7-A310-43BD-A47E-BA77AE236E7C}.release_static|Win32.Build.0 = Release|Win32
		{907491C7-A310-43BD-A47E-BA77AE236E7C}.release_static|x64.ActiveCfg = Release|x64
		{907491C7-A310-43BD-A47E-BA77AE236E7C}.release_static|x64.Build.0 = Release|x64
		{907491C7-A310-43BD-A47E-BA77AE236E7C}.Release|Mixed Platforms.ActiveCfg = Release|Win32
		{907491C7-A310-43BD-A47E-BA77AE236E7C}.Release|Mixed Platforms.Build.0 = Release|Win32
		{907491C7-A310-43BD-A47E-BA77AE236E7C}.Release|Win32.ActiveCfg = Release|Win32
		{907491C7-A310-43BD-A47E-BA77AE236E7C}.Release|Win32.Build.0 = Release|Win32
		{907491C7-A310-43BD-A47E-BA77AE236E7C}.Release|x64.ActiveCfg = Release|x64
		{907491C7-A310-43BD-A47E-BA77AE236E7C}.Release|x64.Build.0 = Release|x64
		{41117092-6C67-4D8B-AFA0-C99CC94047B5}.debug_static|Mixed Platforms.ActiveCfg = Debug|Win32
		{41117092-6C67-4D8B-AFA0-C99CC94047B5}.debug_static|Mixed Platforms.Build.0 = Debug|Win32
		{41117092-6C67-4D8B-AFA0-C99CC94047B5}.debug_static|Win32.ActiveCfg = Debug|Win32
		{41117092-6C67-4D8B-AFA0-C99CC94047B5}.debug_static|Win32.Build.0 = Debug|Win32
		{41117092-6C67-4D8B-AFA0-C99CC94047B5}.debug_static|x64.ActiveCfg = Debug|x64
		{41117092-6C67-4D8B-AFA0-C99CC94047B5}.debug_static|x64.Build.0 = Debug|x64
		{41117092-6C67-4D8B-AFA0-C99CC94047B5}.Debug|Mixed Platforms.ActiveCfg = Debug|Win32
		{41117092-6C67-4D8B-AFA0-C99CC94047B5}.Debug|Mixed Platforms.Build.0 = Debug|Win32
		{41117092-6C67-4D8B-AFA0-C99CC94047B5}.Debug|Win32.ActiveCfg = Debug|Win32
		{41117092-6C67-4D8B-AFA0-C99CC94047B5}.Debug|Win32.Build.0 = Debug|Win32
		{41117092-6C67-4D8B-AFA0-C99CC94047B5}.Debug|x64.ActiveCfg = Debug|x64
		{41117092-6C67-4D8B-AFA0-C99CC94047B5}.Debug|x64.Build.0 = Debug|x64
		{41117092-6C67-4D8B-AFA0-C99CC94047B5}.release_static|Mixed Platforms.ActiveCfg = Release|Win32
		{41117092-6C67-4D8B-AFA0-C99CC94047B5}.release_static|Mixed Platforms.Build.0 = Release|Win32
		{41117092-6C67-4D8B-AFA0-C99CC94047B5}.release_static|Win32.ActiveCfg = Release|Win32
		{41117092-6C67-4D8B-AFA0-C99CC94047B5}.release_static|Win32.Build.0 = Release|Win32
		{41117092-6C67-4D8B-AFA0-C99CC94047B5}.release_static|x64.ActiveCfg = Release|x64
		{41117092-6C67-4D8B-AFA0-C99CC94047B5}.release_static|x64.Build.0 = Release|x64
		{41117092-6C67-4D8B-AFA0-C99CC94047B5}.Release|Mixed Platforms.ActiveCfg = Release|Win32
		{41117092-6C67-4D8B-AFA0-C99CC94047B5}.Release|Mixed Platforms.Build.0 = Release|Win32
		{41117092-6C67-4D8B-AFA0-C99CC94047B5}.Release|Win32.ActiveCfg = Release|Win32
		{41117092-6C67-4D8B-AFA0-C99CC94047B5}.Release|Win32.Build.0 = Release|Win32
		{41117092-6C67-4D8B-AFA0-C99CC94047B5}.Release|x64.ActiveCfg = Release|x64
		{41117092-6C67-4D8B-AFA0-C99CC94047B5}.Release|x64.Build.0 = Release|x64
	EndGlobalSection
	GlobalSection(SolutionProperties) = preSolution
		HideSolutionNode = FALSE
	EndGlobalSection
EndGlobal
