Microsoft Visual Studio Solution File, Format Version 12.00
# Visual Studio 2013
Project("{8BC9CEB8-8B4A-11D0-8D11-00A0C91BC942}") = "ALL_BUILD", "ALL_BUILD.vcxproj", "{DC8D4B69-99C4-3359-89E6-6FBC771F610B}"
	ProjectSection(ProjectDependencies) = postProject
		{C99F9B60-C7A8-339A-A61E-C56B851C7860} = {C99F9B60-C7A8-339A-A61E-C56B851C7860}
		{D558C400-7468-345B-8ECD-D6405CA1BC0E} = {D558C400-7468-345B-8ECD-D6405CA1BC0E}
		{287FFEAC-B727-364D-8F97-C28DEB83BB40} = {287FFEAC-B727-364D-8F97-C28DEB83BB40}
		{D7766151-502A-3D72-97E7-FA2486192186} = {D7766151-502A-3D72-97E7-FA2486192186}
	EndProjectSection
EndProject
Project("{8BC9CEB8-8B4A-11D0-8D11-00A0C91BC942}") = "INSTALL", "INSTALL.vcxproj", "{D4604D5B-E03E-3BB5-B48F-073A8F811DA9}"
	ProjectSection(ProjectDependencies) = postProject
		{DC8D4B69-99C4-3359-89E6-6FBC771F610B} = {DC8D4B69-99C4-3359-89E6-6FBC771F610B}
		{D7766151-502A-3D72-97E7-FA2486192186} = {D7766151-502A-3D72-97E7-FA2486192186}
	EndProjectSection
EndProject
Project("{8BC9CEB8-8B4A-11D0-8D11-00A0C91BC942}") = "SDL2", "SDL2.vcxproj", "{C99F9B60-C7A8-339A-A61E-C56B851C7860}"
	ProjectSection(ProjectDependencies) = postProject
		{D7766151-502A-3D72-97E7-FA2486192186} = {D7766151-502A-3D72-97E7-FA2486192186}
	EndProjectSection
EndProject
Project("{8BC9CEB8-8B4A-11D0-8D11-00A0C91BC942}") = "SDL2-static", "SDL2-static.vcxproj", "{D558C400-7468-345B-8ECD-D6405CA1BC0E}"
	ProjectSection(ProjectDependencies) = postProject
		{D7766151-502A-3D72-97E7-FA2486192186} = {D7766151-502A-3D72-97E7-FA2486192186}
	EndProjectSection
EndProject
Project("{8BC9CEB8-8B4A-11D0-8D11-00A0C91BC942}") = "SDL2main", "SDL2main.vcxproj", "{287FFEAC-B727-364D-8F97-C28DEB83BB40}"
	ProjectSection(ProjectDependencies) = postProject
		{D7766151-502A-3D72-97E7-FA2486192186} = {D7766151-502A-3D72-97E7-FA2486192186}
	EndProjectSection
EndProject
Project("{8BC9CEB8-8B4A-11D0-8D11-00A0C91BC942}") = "ZERO_CHECK", "ZERO_CHECK.vcxproj", "{D7766151-502A-3D72-97E7-FA2486192186}"
	ProjectSection(ProjectDependencies) = postProject
	EndProjectSection
EndProject
Project("{8BC9CEB8-8B4A-11D0-8D11-00A0C91BC942}") = "uninstall", "uninstall.vcxproj", "{30D8BE41-68F6-3B24-8E80-B07021651728}"
	ProjectSection(ProjectDependencies) = postProject
		{D7766151-502A-3D72-97E7-FA2486192186} = {D7766151-502A-3D72-97E7-FA2486192186}
	EndProjectSection
EndProject
Global
	GlobalSection(SolutionConfigurationPlatforms) = preSolution
		Debug|x64 = Debug|x64
		Release|x64 = Release|x64
		MinSizeRel|x64 = MinSizeRel|x64
		RelWithDebInfo|x64 = RelWithDebInfo|x64
	EndGlobalSection
	GlobalSection(ProjectConfigurationPlatforms) = postSolution
		{DC8D4B69-99C4-3359-89E6-6FBC771F610B}.Debug|x64.ActiveCfg = Debug|x64
		{DC8D4B69-99C4-3359-89E6-6FBC771F610B}.Debug|x64.Build.0 = Debug|x64
		{DC8D4B69-99C4-3359-89E6-6FBC771F610B}.Release|x64.ActiveCfg = Release|x64
		{DC8D4B69-99C4-3359-89E6-6FBC771F610B}.Release|x64.Build.0 = Release|x64
		{DC8D4B69-99C4-3359-89E6-6FBC771F610B}.MinSizeRel|x64.ActiveCfg = MinSizeRel|x64
		{DC8D4B69-99C4-3359-89E6-6FBC771F610B}.MinSizeRel|x64.Build.0 = MinSizeRel|x64
		{DC8D4B69-99C4-3359-89E6-6FBC771F610B}.RelWithDebInfo|x64.ActiveCfg = RelWithDebInfo|x64
		{DC8D4B69-99C4-3359-89E6-6FBC771F610B}.RelWithDebInfo|x64.Build.0 = RelWithDebInfo|x64
		{D4604D5B-E03E-3BB5-B48F-073A8F811DA9}.Debug|x64.ActiveCfg = Debug|x64
		{D4604D5B-E03E-3BB5-B48F-073A8F811DA9}.Release|x64.ActiveCfg = Release|x64
		{D4604D5B-E03E-3BB5-B48F-073A8F811DA9}.MinSizeRel|x64.ActiveCfg = MinSizeRel|x64
		{D4604D5B-E03E-3BB5-B48F-073A8F811DA9}.RelWithDebInfo|x64.ActiveCfg = RelWithDebInfo|x64
		{C99F9B60-C7A8-339A-A61E-C56B851C7860}.Debug|x64.ActiveCfg = Debug|x64
		{C99F9B60-C7A8-339A-A61E-C56B851C7860}.Debug|x64.Build.0 = Debug|x64
		{C99F9B60-C7A8-339A-A61E-C56B851C7860}.Release|x64.ActiveCfg = Release|x64
		{C99F9B60-C7A8-339A-A61E-C56B851C7860}.Release|x64.Build.0 = Release|x64
		{C99F9B60-C7A8-339A-A61E-C56B851C7860}.MinSizeRel|x64.ActiveCfg = MinSizeRel|x64
		{C99F9B60-C7A8-339A-A61E-C56B851C7860}.MinSizeRel|x64.Build.0 = MinSizeRel|x64
		{C99F9B60-C7A8-339A-A61E-C56B851C7860}.RelWithDebInfo|x64.ActiveCfg = RelWithDebInfo|x64
		{C99F9B60-C7A8-339A-A61E-C56B851C7860}.RelWithDebInfo|x64.Build.0 = RelWithDebInfo|x64
		{D558C400-7468-345B-8ECD-D6405CA1BC0E}.Debug|x64.ActiveCfg = Debug|x64
		{D558C400-7468-345B-8ECD-D6405CA1BC0E}.Debug|x64.Build.0 = Debug|x64
		{D558C400-7468-345B-8ECD-D6405CA1BC0E}.Release|x64.ActiveCfg = Release|x64
		{D558C400-7468-345B-8ECD-D6405CA1BC0E}.Release|x64.Build.0 = Release|x64
		{D558C400-7468-345B-8ECD-D6405CA1BC0E}.MinSizeRel|x64.ActiveCfg = MinSizeRel|x64
		{D558C400-7468-345B-8ECD-D6405CA1BC0E}.MinSizeRel|x64.Build.0 = MinSizeRel|x64
		{D558C400-7468-345B-8ECD-D6405CA1BC0E}.RelWithDebInfo|x64.ActiveCfg = RelWithDebInfo|x64
		{D558C400-7468-345B-8ECD-D6405CA1BC0E}.RelWithDebInfo|x64.Build.0 = RelWithDebInfo|x64
		{287FFEAC-B727-364D-8F97-C28DEB83BB40}.Debug|x64.ActiveCfg = Debug|x64
		{287FFEAC-B727-364D-8F97-C28DEB83BB40}.Debug|x64.Build.0 = Debug|x64
		{287FFEAC-B727-364D-8F97-C28DEB83BB40}.Release|x64.ActiveCfg = Release|x64
		{287FFEAC-B727-364D-8F97-C28DEB83BB40}.Release|x64.Build.0 = Release|x64
		{287FFEAC-B727-364D-8F97-C28DEB83BB40}.MinSizeRel|x64.ActiveCfg = MinSizeRel|x64
		{287FFEAC-B727-364D-8F97-C28DEB83BB40}.MinSizeRel|x64.Build.0 = MinSizeRel|x64
		{287FFEAC-B727-364D-8F97-C28DEB83BB40}.RelWithDebInfo|x64.ActiveCfg = RelWithDebInfo|x64
		{287FFEAC-B727-364D-8F97-C28DEB83BB40}.RelWithDebInfo|x64.Build.0 = RelWithDebInfo|x64
		{D7766151-502A-3D72-97E7-FA2486192186}.Debug|x64.ActiveCfg = Debug|x64
		{D7766151-502A-3D72-97E7-FA2486192186}.Debug|x64.Build.0 = Debug|x64
		{D7766151-502A-3D72-97E7-FA2486192186}.Release|x64.ActiveCfg = Release|x64
		{D7766151-502A-3D72-97E7-FA2486192186}.Release|x64.Build.0 = Release|x64
		{D7766151-502A-3D72-97E7-FA2486192186}.MinSizeRel|x64.ActiveCfg = MinSizeRel|x64
		{D7766151-502A-3D72-97E7-FA2486192186}.MinSizeRel|x64.Build.0 = MinSizeRel|x64
		{D7766151-502A-3D72-97E7-FA2486192186}.RelWithDebInfo|x64.ActiveCfg = RelWithDebInfo|x64
		{D7766151-502A-3D72-97E7-FA2486192186}.RelWithDebInfo|x64.Build.0 = RelWithDebInfo|x64
		{30D8BE41-68F6-3B24-8E80-B07021651728}.Debug|x64.ActiveCfg = Debug|x64
		{30D8BE41-68F6-3B24-8E80-B07021651728}.Release|x64.ActiveCfg = Release|x64
		{30D8BE41-68F6-3B24-8E80-B07021651728}.MinSizeRel|x64.ActiveCfg = MinSizeRel|x64
		{30D8BE41-68F6-3B24-8E80-B07021651728}.RelWithDebInfo|x64.ActiveCfg = RelWithDebInfo|x64
	EndGlobalSection
	GlobalSection(ExtensibilityGlobals) = postSolution
		SolutionGuid = {17263DFF-21D6-34D0-BEBD-4D699EF91693}
	EndGlobalSection
	GlobalSection(ExtensibilityAddIns) = postSolution
	EndGlobalSection
EndGlobal
