<?xml version="1.0" encoding="utf-8"?>
<Project ToolsVersion="12.0" xmlns="http://schemas.microsoft.com/developer/msbuild/2003">
  <ItemGroup>
    <ClCompile Include="E:\GitHub\qyfc\SDL2-2.0.14\src\main\windows\SDL_windows_main.c">
      <Filter>Source Files</Filter>
    </ClCompile>
  </ItemGroup>
  <ItemGroup>
    <CustomBuild Include="E:\GitHub\qyfc\SDL2-2.0.14\CMakeLists.txt" />
  </ItemGroup>
  <ItemGroup>
    <Filter Include="Source Files">
      <UniqueIdentifier>{21EFB4BF-34E1-3EAA-B61A-3C891D265080}</UniqueIdentifier>
    </Filter>
  </ItemGroup>
</Project>
